
Microsoft Visual Studio Solution File, Format Version 12.00
# Visual Studio 15
VisualStudioVersion = 15.0.28307.572
MinimumVisualStudioVersion = 10.0.40219.1
Project("{FAE04EC0-301F-11D3-BF4B-00C04F79EFBC}") = "MateriaGame.DarkRift.Plugins", "MateriaGame.DarkRift.Plugins\MateriaGame.DarkRift.Plugins.csproj", "{F63DBD40-8FBA-4E75-9B67-37F28718F043}"
EndProject
Global
	GlobalSection(SolutionConfigurationPlatforms) = preSolution
		Debug|Any CPU = Debug|Any CPU
		Release|Any CPU = Release|Any CPU
	EndGlobalSection
	GlobalSection(ProjectConfigurationPlatforms) = postSolution
		{F63DBD40-8FBA-4E75-9B67-37F28718F043}.Debug|Any CPU.ActiveCfg = Debug|Any CPU
		{F63DBD40-8FBA-4E75-9B67-37F28718F043}.Debug|Any CPU.Build.0 = Debug|Any CPU
		{F63DBD40-8FBA-4E75-9B67-37F28718F043}.Release|Any CPU.ActiveCfg = Release|Any CPU
		{F63DBD40-8FBA-4E75-9B67-37F28718F043}.Release|Any CPU.Build.0 = Release|Any CPU
	EndGlobalSection
	GlobalSection(SolutionProperties) = preSolution
		HideSolutionNode = FALSE
	EndGlobalSection
	GlobalSection(ExtensibilityGlobals) = postSolution
		SolutionGuid = {2C70CE8C-7433-4660-B9A4-2A2EC2868396}
	EndGlobalSection
EndGlobal
